// !$*UTF8*$!
{
	archiveVersion = 1;
	classes = {
	};
	objectVersion = 55;
	objects = {

/* Begin PBXBuildFile section */
		B32A7AF52731CF2A007BCF11 /* FirebaseAuth in Frameworks */ = {isa = PBXBuildFile; productRef = B32A7AF42731CF2A007BCF11 /* FirebaseAuth */; };
		B32A7AF72731CF2A007BCF11 /* FirebaseDatabase in Frameworks */ = {isa = PBXBuildFile; productRef = B32A7AF62731CF2A007BCF11 /* FirebaseDatabase */; };
		B32A7AF92731CF2A007BCF11 /* FirebaseDatabaseSwift-Beta in Frameworks */ = {isa = PBXBuildFile; productRef = B32A7AF82731CF2A007BCF11 /* FirebaseDatabaseSwift-Beta */; };
		B32A7AFB2731CF2A007BCF11 /* FirebaseFirestore in Frameworks */ = {isa = PBXBuildFile; productRef = B32A7AFA2731CF2A007BCF11 /* FirebaseFirestore */; };
		B32A7AFD2731CF2A007BCF11 /* FirebaseFirestoreSwift-Beta in Frameworks */ = {isa = PBXBuildFile; productRef = B32A7AFC2731CF2A007BCF11 /* FirebaseFirestoreSwift-Beta */; };
		B32A7AFF2731CF2A007BCF11 /* FirebaseStorage in Frameworks */ = {isa = PBXBuildFile; productRef = B32A7AFE2731CF2A007BCF11 /* FirebaseStorage */; };
		B32A7B012731CF2A007BCF11 /* FirebaseStorageSwift-Beta in Frameworks */ = {isa = PBXBuildFile; productRef = B32A7B002731CF2A007BCF11 /* FirebaseStorageSwift-Beta */; };
		B32A7B042731D242007BCF11 /* ChatAppUser.swift in Sources */ = {isa = PBXBuildFile; fileRef = B32A7B032731D242007BCF11 /* ChatAppUser.swift */; };
		B32A7B072731DCE8007BCF11 /* MessageKit in Frameworks */ = {isa = PBXBuildFile; productRef = B32A7B062731DCE8007BCF11 /* MessageKit */; };
		B32A7B0A2731DD2A007BCF11 /* InputBarAccessoryView in Frameworks */ = {isa = PBXBuildFile; productRef = B32A7B092731DD2A007BCF11 /* InputBarAccessoryView */; };
		B32A7B0D2731DD5B007BCF11 /* JGProgressHUD in Frameworks */ = {isa = PBXBuildFile; productRef = B32A7B0C2731DD5B007BCF11 /* JGProgressHUD */; };
		B32A7B102731DDF3007BCF11 /* Realm in Frameworks */ = {isa = PBXBuildFile; productRef = B32A7B0F2731DDF3007BCF11 /* Realm */; };
		B32A7B122731DDF3007BCF11 /* RealmSwift in Frameworks */ = {isa = PBXBuildFile; productRef = B32A7B112731DDF3007BCF11 /* RealmSwift */; };
		B32A7B142731E124007BCF11 /* ChatViewController.swift in Sources */ = {isa = PBXBuildFile; fileRef = B32A7B132731E124007BCF11 /* ChatViewController.swift */; };
		B32A7B162731E769007BCF11 /* NewChatViewController.swift in Sources */ = {isa = PBXBuildFile; fileRef = B32A7B152731E769007BCF11 /* NewChatViewController.swift */; };
		B369359F2743C4C100D60B05 /* StoreManager.swift in Sources */ = {isa = PBXBuildFile; fileRef = B369359E2743C4C100D60B05 /* StoreManager.swift */; };
		B3D1F245272C374900A2CC02 /* AppDelegate.swift in Sources */ = {isa = PBXBuildFile; fileRef = B3D1F244272C374900A2CC02 /* AppDelegate.swift */; };
		B3D1F247272C374900A2CC02 /* SceneDelegate.swift in Sources */ = {isa = PBXBuildFile; fileRef = B3D1F246272C374900A2CC02 /* SceneDelegate.swift */; };
		B3D1F249272C374900A2CC02 /* ViewController.swift in Sources */ = {isa = PBXBuildFile; fileRef = B3D1F248272C374900A2CC02 /* ViewController.swift */; };
		B3D1F24C272C374900A2CC02 /* Main.storyboard in Resources */ = {isa = PBXBuildFile; fileRef = B3D1F24A272C374900A2CC02 /* Main.storyboard */; };
		B3D1F24E272C374B00A2CC02 /* Assets.xcassets in Resources */ = {isa = PBXBuildFile; fileRef = B3D1F24D272C374B00A2CC02 /* Assets.xcassets */; };
		B3D1F251272C374B00A2CC02 /* LaunchScreen.storyboard in Resources */ = {isa = PBXBuildFile; fileRef = B3D1F24F272C374B00A2CC02 /* LaunchScreen.storyboard */; };
		B3D1F25E272C3EB600A2CC02 /* RegisterViewController.swift in Sources */ = {isa = PBXBuildFile; fileRef = B3D1F25D272C3EB600A2CC02 /* RegisterViewController.swift */; };
		B3D1F260272C3EC900A2CC02 /* SignInViewController.swift in Sources */ = {isa = PBXBuildFile; fileRef = B3D1F25F272C3EC900A2CC02 /* SignInViewController.swift */; };
		B3D1F264272C404E00A2CC02 /* GoogleService-Info.plist in Resources */ = {isa = PBXBuildFile; fileRef = B3D1F263272C404E00A2CC02 /* GoogleService-Info.plist */; };
		B3D1F26F272C7F3200A2CC02 /* Constants.swift in Sources */ = {isa = PBXBuildFile; fileRef = B3D1F26E272C7F3200A2CC02 /* Constants.swift */; };
		B3D1F273272C8B6E00A2CC02 /* MainViewController.swift in Sources */ = {isa = PBXBuildFile; fileRef = B3D1F272272C8B6E00A2CC02 /* MainViewController.swift */; };
		B3D1F275272C935200A2CC02 /* ProfileViewController.swift in Sources */ = {isa = PBXBuildFile; fileRef = B3D1F274272C935200A2CC02 /* ProfileViewController.swift */; };
		B3DF03FF273029570036FE1E /* DatabaseManager.swift in Sources */ = {isa = PBXBuildFile; fileRef = B3DF03FE273029570036FE1E /* DatabaseManager.swift */; };
/* End PBXBuildFile section */

/* Begin PBXFileReference section */
		B32A7B032731D242007BCF11 /* ChatAppUser.swift */ = {isa = PBXFileReference; lastKnownFileType = sourcecode.swift; path = ChatAppUser.swift; sourceTree = "<group>"; };
		B32A7B132731E124007BCF11 /* ChatViewController.swift */ = {isa = PBXFileReference; lastKnownFileType = sourcecode.swift; path = ChatViewController.swift; sourceTree = "<group>"; };
		B32A7B152731E769007BCF11 /* NewChatViewController.swift */ = {isa = PBXFileReference; lastKnownFileType = sourcecode.swift; path = NewChatViewController.swift; sourceTree = "<group>"; };
		B369359E2743C4C100D60B05 /* StoreManager.swift */ = {isa = PBXFileReference; lastKnownFileType = sourcecode.swift; path = StoreManager.swift; sourceTree = "<group>"; };
		B3D1F241272C374900A2CC02 /* HoneypotTalents.app */ = {isa = PBXFileReference; explicitFileType = wrapper.application; includeInIndex = 0; path = HoneypotTalents.app; sourceTree = BUILT_PRODUCTS_DIR; };
		B3D1F244272C374900A2CC02 /* AppDelegate.swift */ = {isa = PBXFileReference; lastKnownFileType = sourcecode.swift; path = AppDelegate.swift; sourceTree = "<group>"; };
		B3D1F246272C374900A2CC02 /* SceneDelegate.swift */ = {isa = PBXFileReference; lastKnownFileType = sourcecode.swift; path = SceneDelegate.swift; sourceTree = "<group>"; };
		B3D1F248272C374900A2CC02 /* ViewController.swift */ = {isa = PBXFileReference; lastKnownFileType = sourcecode.swift; path = ViewController.swift; sourceTree = "<group>"; };
		B3D1F24B272C374900A2CC02 /* Base */ = {isa = PBXFileReference; lastKnownFileType = file.storyboard; name = Base; path = Base.lproj/Main.storyboard; sourceTree = "<group>"; };
		B3D1F24D272C374B00A2CC02 /* Assets.xcassets */ = {isa = PBXFileReference; lastKnownFileType = folder.assetcatalog; path = Assets.xcassets; sourceTree = "<group>"; };
		B3D1F250272C374B00A2CC02 /* Base */ = {isa = PBXFileReference; lastKnownFileType = file.storyboard; name = Base; path = Base.lproj/LaunchScreen.storyboard; sourceTree = "<group>"; };
		B3D1F252272C374B00A2CC02 /* Info.plist */ = {isa = PBXFileReference; lastKnownFileType = text.plist.xml; path = Info.plist; sourceTree = "<group>"; };
		B3D1F25D272C3EB600A2CC02 /* RegisterViewController.swift */ = {isa = PBXFileReference; lastKnownFileType = sourcecode.swift; path = RegisterViewController.swift; sourceTree = "<group>"; };
		B3D1F25F272C3EC900A2CC02 /* SignInViewController.swift */ = {isa = PBXFileReference; lastKnownFileType = sourcecode.swift; path = SignInViewController.swift; sourceTree = "<group>"; };
		B3D1F263272C404E00A2CC02 /* GoogleService-Info.plist */ = {isa = PBXFileReference; fileEncoding = 4; lastKnownFileType = text.plist.xml; path = "GoogleService-Info.plist"; sourceTree = "<group>"; };
		B3D1F26E272C7F3200A2CC02 /* Constants.swift */ = {isa = PBXFileReference; lastKnownFileType = sourcecode.swift; path = Constants.swift; sourceTree = "<group>"; };
		B3D1F272272C8B6E00A2CC02 /* MainViewController.swift */ = {isa = PBXFileReference; lastKnownFileType = sourcecode.swift; path = MainViewController.swift; sourceTree = "<group>"; };
		B3D1F274272C935200A2CC02 /* ProfileViewController.swift */ = {isa = PBXFileReference; lastKnownFileType = sourcecode.swift; path = ProfileViewController.swift; sourceTree = "<group>"; };
		B3DF03FE273029570036FE1E /* DatabaseManager.swift */ = {isa = PBXFileReference; lastKnownFileType = sourcecode.swift; path = DatabaseManager.swift; sourceTree = "<group>"; };
/* End PBXFileReference section */

/* Begin PBXFrameworksBuildPhase section */
		B3D1F23E272C374900A2CC02 /* Frameworks */ = {
			isa = PBXFrameworksBuildPhase;
			buildActionMask = 2147483647;
			files = (
				B32A7B122731DDF3007BCF11 /* RealmSwift in Frameworks */,
				B32A7B102731DDF3007BCF11 /* Realm in Frameworks */,
				B32A7AF92731CF2A007BCF11 /* FirebaseDatabaseSwift-Beta in Frameworks */,
				B32A7AFB2731CF2A007BCF11 /* FirebaseFirestore in Frameworks */,
				B32A7B0A2731DD2A007BCF11 /* InputBarAccessoryView in Frameworks */,
				B32A7AFD2731CF2A007BCF11 /* FirebaseFirestoreSwift-Beta in Frameworks */,
				B32A7B0D2731DD5B007BCF11 /* JGProgressHUD in Frameworks */,
				B32A7AF72731CF2A007BCF11 /* FirebaseDatabase in Frameworks */,
				B32A7AF52731CF2A007BCF11 /* FirebaseAuth in Frameworks */,
				B32A7B012731CF2A007BCF11 /* FirebaseStorageSwift-Beta in Frameworks */,
				B32A7AFF2731CF2A007BCF11 /* FirebaseStorage in Frameworks */,
				B32A7B072731DCE8007BCF11 /* MessageKit in Frameworks */,
			);
			runOnlyForDeploymentPostprocessing = 0;
		};
/* End PBXFrameworksBuildPhase section */

/* Begin PBXGroup section */
		B32A7B022731D234007BCF11 /* Models */ = {
			isa = PBXGroup;
			children = (
				B32A7B032731D242007BCF11 /* ChatAppUser.swift */,
			);
			path = Models;
			sourceTree = "<group>";
		};
		B3D1F238272C374900A2CC02 = {
			isa = PBXGroup;
			children = (
				B3D1F243272C374900A2CC02 /* HoneypotTalents */,
				B3D1F242272C374900A2CC02 /* Products */,
			);
			sourceTree = "<group>";
		};
		B3D1F242272C374900A2CC02 /* Products */ = {
			isa = PBXGroup;
			children = (
				B3D1F241272C374900A2CC02 /* HoneypotTalents.app */,
			);
			name = Products;
			sourceTree = "<group>";
		};
		B3D1F243272C374900A2CC02 /* HoneypotTalents */ = {
			isa = PBXGroup;
			children = (
				B32A7B022731D234007BCF11 /* Models */,
				B3D1F258272C3D8F00A2CC02 /* Controllers */,
				B3D1F244272C374900A2CC02 /* AppDelegate.swift */,
				B3D1F246272C374900A2CC02 /* SceneDelegate.swift */,
				B3D1F24A272C374900A2CC02 /* Main.storyboard */,
				B3D1F24D272C374B00A2CC02 /* Assets.xcassets */,
				B3D1F24F272C374B00A2CC02 /* LaunchScreen.storyboard */,
				B3D1F252272C374B00A2CC02 /* Info.plist */,
				B3D1F263272C404E00A2CC02 /* GoogleService-Info.plist */,
				B3DF03FE273029570036FE1E /* DatabaseManager.swift */,
				B369359E2743C4C100D60B05 /* StoreManager.swift */,
				B3D1F26E272C7F3200A2CC02 /* Constants.swift */,
			);
			path = HoneypotTalents;
			sourceTree = "<group>";
		};
		B3D1F258272C3D8F00A2CC02 /* Controllers */ = {
			isa = PBXGroup;
			children = (
				B3D1F248272C374900A2CC02 /* ViewController.swift */,
				B3D1F25D272C3EB600A2CC02 /* RegisterViewController.swift */,
				B3D1F25F272C3EC900A2CC02 /* SignInViewController.swift */,
				B3D1F272272C8B6E00A2CC02 /* MainViewController.swift */,
				B3D1F274272C935200A2CC02 /* ProfileViewController.swift */,
				B32A7B132731E124007BCF11 /* ChatViewController.swift */,
				B32A7B152731E769007BCF11 /* NewChatViewController.swift */,
			);
			path = Controllers;
			sourceTree = "<group>";
		};
/* End PBXGroup section */

/* Begin PBXNativeTarget section */
		B3D1F240272C374900A2CC02 /* HoneypotTalents */ = {
			isa = PBXNativeTarget;
			buildConfigurationList = B3D1F255272C374B00A2CC02 /* Build configuration list for PBXNativeTarget "HoneypotTalents" */;
			buildPhases = (
				B3D1F23D272C374900A2CC02 /* Sources */,
				B3D1F23E272C374900A2CC02 /* Frameworks */,
				B3D1F23F272C374900A2CC02 /* Resources */,
			);
			buildRules = (
			);
			dependencies = (
			);
			name = HoneypotTalents;
			packageProductDependencies = (
				B32A7AF42731CF2A007BCF11 /* FirebaseAuth */,
				B32A7AF62731CF2A007BCF11 /* FirebaseDatabase */,
				B32A7AF82731CF2A007BCF11 /* FirebaseDatabaseSwift-Beta */,
				B32A7AFA2731CF2A007BCF11 /* FirebaseFirestore */,
				B32A7AFC2731CF2A007BCF11 /* FirebaseFirestoreSwift-Beta */,
				B32A7AFE2731CF2A007BCF11 /* FirebaseStorage */,
				B32A7B002731CF2A007BCF11 /* FirebaseStorageSwift-Beta */,
				B32A7B062731DCE8007BCF11 /* MessageKit */,
				B32A7B092731DD2A007BCF11 /* InputBarAccessoryView */,
				B32A7B0C2731DD5B007BCF11 /* JGProgressHUD */,
				B32A7B0F2731DDF3007BCF11 /* Realm */,
				B32A7B112731DDF3007BCF11 /* RealmSwift */,
			);
			productName = HoneypotTalents;
			productReference = B3D1F241272C374900A2CC02 /* HoneypotTalents.app */;
			productType = "com.apple.product-type.application";
		};
/* End PBXNativeTarget section */

/* Begin PBXProject section */
		B3D1F239272C374900A2CC02 /* Project object */ = {
			isa = PBXProject;
			attributes = {
				BuildIndependentTargetsInParallel = 1;
				LastSwiftUpdateCheck = 1300;
				LastUpgradeCheck = 1300;
				TargetAttributes = {
					B3D1F240272C374900A2CC02 = {
						CreatedOnToolsVersion = 13.0;
					};
				};
			};
			buildConfigurationList = B3D1F23C272C374900A2CC02 /* Build configuration list for PBXProject "HoneypotTalents" */;
			compatibilityVersion = "Xcode 13.0";
			developmentRegion = en;
			hasScannedForEncodings = 0;
			knownRegions = (
				en,
				Base,
			);
			mainGroup = B3D1F238272C374900A2CC02;
			packageReferences = (
				B32A7AF32731CF2A007BCF11 /* XCRemoteSwiftPackageReference "firebase-ios-sdk" */,
				B32A7B052731DCE8007BCF11 /* XCRemoteSwiftPackageReference "MessageKit" */,
				B32A7B082731DD2A007BCF11 /* XCRemoteSwiftPackageReference "InputBarAccessoryView" */,
				B32A7B0B2731DD5B007BCF11 /* XCRemoteSwiftPackageReference "JGProgressHUD" */,
				B32A7B0E2731DDF3007BCF11 /* XCRemoteSwiftPackageReference "realm-cocoa" */,
			);
			productRefGroup = B3D1F242272C374900A2CC02 /* Products */;
			projectDirPath = "";
			projectRoot = "";
			targets = (
				B3D1F240272C374900A2CC02 /* HoneypotTalents */,
			);
		};
/* End PBXProject section */

/* Begin PBXResourcesBuildPhase section */
		B3D1F23F272C374900A2CC02 /* Resources */ = {
			isa = PBXResourcesBuildPhase;
			buildActionMask = 2147483647;
			files = (
				B3D1F251272C374B00A2CC02 /* LaunchScreen.storyboard in Resources */,
				B3D1F264272C404E00A2CC02 /* GoogleService-Info.plist in Resources */,
				B3D1F24E272C374B00A2CC02 /* Assets.xcassets in Resources */,
				B3D1F24C272C374900A2CC02 /* Main.storyboard in Resources */,
			);
			runOnlyForDeploymentPostprocessing = 0;
		};
/* End PBXResourcesBuildPhase section */

/* Begin PBXSourcesBuildPhase section */
		B3D1F23D272C374900A2CC02 /* Sources */ = {
			isa = PBXSourcesBuildPhase;
			buildActionMask = 2147483647;
			files = (
				B32A7B042731D242007BCF11 /* ChatAppUser.swift in Sources */,
				B3D1F273272C8B6E00A2CC02 /* MainViewController.swift in Sources */,
				B32A7B142731E124007BCF11 /* ChatViewController.swift in Sources */,
				B3D1F249272C374900A2CC02 /* ViewController.swift in Sources */,
				B3D1F245272C374900A2CC02 /* AppDelegate.swift in Sources */,
				B3D1F247272C374900A2CC02 /* SceneDelegate.swift in Sources */,
				B3D1F260272C3EC900A2CC02 /* SignInViewController.swift in Sources */,
				B32A7B162731E769007BCF11 /* NewChatViewController.swift in Sources */,
				B369359F2743C4C100D60B05 /* StoreManager.swift in Sources */,
				B3D1F25E272C3EB600A2CC02 /* RegisterViewController.swift in Sources */,
				B3D1F275272C935200A2CC02 /* ProfileViewController.swift in Sources */,
				B3D1F26F272C7F3200A2CC02 /* Constants.swift in Sources */,
				B3DF03FF273029570036FE1E /* DatabaseManager.swift in Sources */,
			);
			runOnlyForDeploymentPostprocessing = 0;
		};
/* End PBXSourcesBuildPhase section */

/* Begin PBXVariantGroup section */
		B3D1F24A272C374900A2CC02 /* Main.storyboard */ = {
			isa = PBXVariantGroup;
			children = (
				B3D1F24B272C374900A2CC02 /* Base */,
			);
			name = Main.storyboard;
			sourceTree = "<group>";
		};
		B3D1F24F272C374B00A2CC02 /* LaunchScreen.storyboard */ = {
			isa = PBXVariantGroup;
			children = (
				B3D1F250272C374B00A2CC02 /* Base */,
			);
			name = LaunchScreen.storyboard;
			sourceTree = "<group>";
		};
/* End PBXVariantGroup section */

/* Begin XCBuildConfiguration section */
		B3D1F253272C374B00A2CC02 /* Debug */ = {
			isa = XCBuildConfiguration;
			buildSettings = {
				ALWAYS_SEARCH_USER_PATHS = NO;
				CLANG_ANALYZER_NONNULL = YES;
				CLANG_ANALYZER_NUMBER_OBJECT_CONVERSION = YES_AGGRESSIVE;
				CLANG_CXX_LANGUAGE_STANDARD = "gnu++17";
				CLANG_CXX_LIBRARY = "libc++";
				CLANG_ENABLE_MODULES = YES;
				CLANG_ENABLE_OBJC_ARC = YES;
				CLANG_ENABLE_OBJC_WEAK = YES;
				CLANG_WARN_BLOCK_CAPTURE_AUTORELEASING = YES;
				CLANG_WARN_BOOL_CONVERSION = YES;
				CLANG_WARN_COMMA = YES;
				CLANG_WARN_CONSTANT_CONVERSION = YES;
				CLANG_WARN_DEPRECATED_OBJC_IMPLEMENTATIONS = YES;
				CLANG_WARN_DIRECT_OBJC_ISA_USAGE = YES_ERROR;
				CLANG_WARN_DOCUMENTATION_COMMENTS = YES;
				CLANG_WARN_EMPTY_BODY = YES;
				CLANG_WARN_ENUM_CONVERSION = YES;
				CLANG_WARN_INFINITE_RECURSION = YES;
				CLANG_WARN_INT_CONVERSION = YES;
				CLANG_WARN_NON_LITERAL_NULL_CONVERSION = YES;
				CLANG_WARN_OBJC_IMPLICIT_RETAIN_SELF = YES;
				CLANG_WARN_OBJC_LITERAL_CONVERSION = YES;
				CLANG_WARN_OBJC_ROOT_CLASS = YES_ERROR;
				CLANG_WARN_QUOTED_INCLUDE_IN_FRAMEWORK_HEADER = YES;
				CLANG_WARN_RANGE_LOOP_ANALYSIS = YES;
				CLANG_WARN_STRICT_PROTOTYPES = YES;
				CLANG_WARN_SUSPICIOUS_MOVE = YES;
				CLANG_WARN_UNGUARDED_AVAILABILITY = YES_AGGRESSIVE;
				CLANG_WARN_UNREACHABLE_CODE = YES;
				CLANG_WARN__DUPLICATE_METHOD_MATCH = YES;
				COPY_PHASE_STRIP = NO;
				DEBUG_INFORMATION_FORMAT = dwarf;
				ENABLE_STRICT_OBJC_MSGSEND = YES;
				ENABLE_TESTABILITY = YES;
				GCC_C_LANGUAGE_STANDARD = gnu11;
				GCC_DYNAMIC_NO_PIC = NO;
				GCC_NO_COMMON_BLOCKS = YES;
				GCC_OPTIMIZATION_LEVEL = 0;
				GCC_PREPROCESSOR_DEFINITIONS = (
					"DEBUG=1",
					"$(inherited)",
				);
				GCC_WARN_64_TO_32_BIT_CONVERSION = YES;
				GCC_WARN_ABOUT_RETURN_TYPE = YES_ERROR;
				GCC_WARN_UNDECLARED_SELECTOR = YES;
				GCC_WARN_UNINITIALIZED_AUTOS = YES_AGGRESSIVE;
				GCC_WARN_UNUSED_FUNCTION = YES;
				GCC_WARN_UNUSED_VARIABLE = YES;
				IPHONEOS_DEPLOYMENT_TARGET = 15.0;
				MTL_ENABLE_DEBUG_INFO = INCLUDE_SOURCE;
				MTL_FAST_MATH = YES;
				ONLY_ACTIVE_ARCH = YES;
				SDKROOT = iphoneos;
				SWIFT_ACTIVE_COMPILATION_CONDITIONS = DEBUG;
				SWIFT_OPTIMIZATION_LEVEL = "-Onone";
			};
			name = Debug;
		};
		B3D1F254272C374B00A2CC02 /* Release */ = {
			isa = XCBuildConfiguration;
			buildSettings = {
				ALWAYS_SEARCH_USER_PATHS = NO;
				CLANG_ANALYZER_NONNULL = YES;
				CLANG_ANALYZER_NUMBER_OBJECT_CONVERSION = YES_AGGRESSIVE;
				CLANG_CXX_LANGUAGE_STANDARD = "gnu++17";
				CLANG_CXX_LIBRARY = "libc++";
				CLANG_ENABLE_MODULES = YES;
				CLANG_ENABLE_OBJC_ARC = YES;
				CLANG_ENABLE_OBJC_WEAK = YES;
				CLANG_WARN_BLOCK_CAPTURE_AUTORELEASING = YES;
				CLANG_WARN_BOOL_CONVERSION = YES;
				CLANG_WARN_COMMA = YES;
				CLANG_WARN_CONSTANT_CONVERSION = YES;
				CLANG_WARN_DEPRECATED_OBJC_IMPLEMENTATIONS = YES;
				CLANG_WARN_DIRECT_OBJC_ISA_USAGE = YES_ERROR;
				CLANG_WARN_DOCUMENTATION_COMMENTS = YES;
				CLANG_WARN_EMPTY_BODY = YES;
				CLANG_WARN_ENUM_CONVERSION = YES;
				CLANG_WARN_INFINITE_RECURSION = YES;
				CLANG_WARN_INT_CONVERSION = YES;
				CLANG_WARN_NON_LITERAL_NULL_CONVERSION = YES;
				CLANG_WARN_OBJC_IMPLICIT_RETAIN_SELF = YES;
				CLANG_WARN_OBJC_LITERAL_CONVERSION = YES;
				CLANG_WARN_OBJC_ROOT_CLASS = YES_ERROR;
				CLANG_WARN_QUOTED_INCLUDE_IN_FRAMEWORK_HEADER = YES;
				CLANG_WARN_RANGE_LOOP_ANALYSIS = YES;
				CLANG_WARN_STRICT_PROTOTYPES = YES;
				CLANG_WARN_SUSPICIOUS_MOVE = YES;
				CLANG_WARN_UNGUARDED_AVAILABILITY = YES_AGGRESSIVE;
				CLANG_WARN_UNREACHABLE_CODE = YES;
				CLANG_WARN__DUPLICATE_METHOD_MATCH = YES;
				COPY_PHASE_STRIP = NO;
				DEBUG_INFORMATION_FORMAT = "dwarf-with-dsym";
				ENABLE_NS_ASSERTIONS = NO;
				ENABLE_STRICT_OBJC_MSGSEND = YES;
				GCC_C_LANGUAGE_STANDARD = gnu11;
				GCC_NO_COMMON_BLOCKS = YES;
				GCC_WARN_64_TO_32_BIT_CONVERSION = YES;
				GCC_WARN_ABOUT_RETURN_TYPE = YES_ERROR;
				GCC_WARN_UNDECLARED_SELECTOR = YES;
				GCC_WARN_UNINITIALIZED_AUTOS = YES_AGGRESSIVE;
				GCC_WARN_UNUSED_FUNCTION = YES;
				GCC_WARN_UNUSED_VARIABLE = YES;
				IPHONEOS_DEPLOYMENT_TARGET = 15.0;
				MTL_ENABLE_DEBUG_INFO = NO;
				MTL_FAST_MATH = YES;
				SDKROOT = iphoneos;
				SWIFT_COMPILATION_MODE = wholemodule;
				SWIFT_OPTIMIZATION_LEVEL = "-O";
				VALIDATE_PRODUCT = YES;
			};
			name = Release;
		};
		B3D1F256272C374B00A2CC02 /* Debug */ = {
			isa = XCBuildConfiguration;
			buildSettings = {
				ASSETCATALOG_COMPILER_APPICON_NAME = AppIcon;
				ASSETCATALOG_COMPILER_GLOBAL_ACCENT_COLOR_NAME = AccentColor;
				CODE_SIGN_STYLE = Automatic;
				CURRENT_PROJECT_VERSION = 1;
				DEVELOPMENT_TEAM = VMPQ8W88FN;
				GENERATE_INFOPLIST_FILE = YES;
				INFOPLIST_FILE = HoneypotTalents/Info.plist;
				INFOPLIST_KEY_UIApplicationSupportsIndirectInputEvents = YES;
				INFOPLIST_KEY_UILaunchStoryboardName = LaunchScreen;
				INFOPLIST_KEY_UIMainStoryboardFile = Main;
				INFOPLIST_KEY_UISupportedInterfaceOrientations = UIInterfaceOrientationPortrait;
				INFOPLIST_KEY_UISupportedInterfaceOrientations_iPad = "UIInterfaceOrientationPortrait UIInterfaceOrientationPortraitUpsideDown UIInterfaceOrientationLandscapeLeft UIInterfaceOrientationLandscapeRight";
				INFOPLIST_KEY_UISupportedInterfaceOrientations_iPhone = "UIInterfaceOrientationPortrait UIInterfaceOrientationLandscapeLeft UIInterfaceOrientationLandscapeRight";
				LD_RUNPATH_SEARCH_PATHS = (
					"$(inherited)",
					"@executable_path/Frameworks",
				);
				MARKETING_VERSION = 1.0;
				PRODUCT_BUNDLE_IDENTIFIER = com.MatteoCipone.HoneypotTalents;
				PRODUCT_NAME = "$(TARGET_NAME)";
				SWIFT_EMIT_LOC_STRINGS = YES;
				SWIFT_VERSION = 5.0;
				TARGETED_DEVICE_FAMILY = "1,2";
			};
			name = Debug;
		};
		B3D1F257272C374B00A2CC02 /* Release */ = {
			isa = XCBuildConfiguration;
			buildSettings = {
				ASSETCATALOG_COMPILER_APPICON_NAME = AppIcon;
				ASSETCATALOG_COMPILER_GLOBAL_ACCENT_COLOR_NAME = AccentColor;
				CODE_SIGN_STYLE = Automatic;
				CURRENT_PROJECT_VERSION = 1;
				DEVELOPMENT_TEAM = VMPQ8W88FN;
				GENERATE_INFOPLIST_FILE = YES;
				INFOPLIST_FILE = HoneypotTalents/Info.plist;
				INFOPLIST_KEY_UIApplicationSupportsIndirectInputEvents = YES;
				INFOPLIST_KEY_UILaunchStoryboardName = LaunchScreen;
				INFOPLIST_KEY_UIMainStoryboardFile = Main;
				INFOPLIST_KEY_UISupportedInterfaceOrientations = UIInterfaceOrientationPortrait;
				INFOPLIST_KEY_UISupportedInterfaceOrientations_iPad = "UIInterfaceOrientationPortrait UIInterfaceOrientationPortraitUpsideDown UIInterfaceOrientationLandscapeLeft UIInterfaceOrientationLandscapeRight";
				INFOPLIST_KEY_UISupportedInterfaceOrientations_iPhone = "UIInterfaceOrientationPortrait UIInterfaceOrientationLandscapeLeft UIInterfaceOrientationLandscapeRight";
				LD_RUNPATH_SEARCH_PATHS = (
					"$(inherited)",
					"@executable_path/Frameworks",
				);
				MARKETING_VERSION = 1.0;
				PRODUCT_BUNDLE_IDENTIFIER = com.MatteoCipone.HoneypotTalents;
				PRODUCT_NAME = "$(TARGET_NAME)";
				SWIFT_EMIT_LOC_STRINGS = YES;
				SWIFT_VERSION = 5.0;
				TARGETED_DEVICE_FAMILY = "1,2";
			};
			name = Release;
		};
/* End XCBuildConfiguration section */

/* Begin XCConfigurationList section */
		B3D1F23C272C374900A2CC02 /* Build configuration list for PBXProject "HoneypotTalents" */ = {
			isa = XCConfigurationList;
			buildConfigurations = (
				B3D1F253272C374B00A2CC02 /* Debug */,
				B3D1F254272C374B00A2CC02 /* Release */,
			);
			defaultConfigurationIsVisible = 0;
			defaultConfigurationName = Release;
		};
		B3D1F255272C374B00A2CC02 /* Build configuration list for PBXNativeTarget "HoneypotTalents" */ = {
			isa = XCConfigurationList;
			buildConfigurations = (
				B3D1F256272C374B00A2CC02 /* Debug */,
				B3D1F257272C374B00A2CC02 /* Release */,
			);
			defaultConfigurationIsVisible = 0;
			defaultConfigurationName = Release;
		};
/* End XCConfigurationList section */

/* Begin XCRemoteSwiftPackageReference section */
		B32A7AF32731CF2A007BCF11 /* XCRemoteSwiftPackageReference "firebase-ios-sdk" */ = {
			isa = XCRemoteSwiftPackageReference;
			repositoryURL = "https://github.com/firebase/firebase-ios-sdk.git";
			requirement = {
				kind = upToNextMajorVersion;
				minimumVersion = 8.0.0;
			};
		};
		B32A7B052731DCE8007BCF11 /* XCRemoteSwiftPackageReference "MessageKit" */ = {
			isa = XCRemoteSwiftPackageReference;
			repositoryURL = "https://github.com/MessageKit/MessageKit";
			requirement = {
				kind = upToNextMajorVersion;
				minimumVersion = 3.0.0;
			};
		};
		B32A7B082731DD2A007BCF11 /* XCRemoteSwiftPackageReference "InputBarAccessoryView" */ = {
			isa = XCRemoteSwiftPackageReference;
			repositoryURL = "https://github.com/nathantannar4/InputBarAccessoryView";
			requirement = {
				kind = upToNextMajorVersion;
				minimumVersion = 5.0.0;
			};
		};
		B32A7B0B2731DD5B007BCF11 /* XCRemoteSwiftPackageReference "JGProgressHUD" */ = {
			isa = XCRemoteSwiftPackageReference;
			repositoryURL = "https://github.com/JonasGessner/JGProgressHUD";
			requirement = {
				kind = upToNextMajorVersion;
				minimumVersion = 2.0.0;
			};
		};
		B32A7B0E2731DDF3007BCF11 /* XCRemoteSwiftPackageReference "realm-cocoa" */ = {
			isa = XCRemoteSwiftPackageReference;
			repositoryURL = "https://github.com/realm/realm-cocoa.git";
			requirement = {
				kind = upToNextMajorVersion;
				minimumVersion = 5.0.0;
			};
		};
/* End XCRemoteSwiftPackageReference section */

/* Begin XCSwiftPackageProductDependency section */
		B32A7AF42731CF2A007BCF11 /* FirebaseAuth */ = {
			isa = XCSwiftPackageProductDependency;
			package = B32A7AF32731CF2A007BCF11 /* XCRemoteSwiftPackageReference "firebase-ios-sdk" */;
			productName = FirebaseAuth;
		};
		B32A7AF62731CF2A007BCF11 /* FirebaseDatabase */ = {
			isa = XCSwiftPackageProductDependency;
			package = B32A7AF32731CF2A007BCF11 /* XCRemoteSwiftPackageReference "firebase-ios-sdk" */;
			productName = FirebaseDatabase;
		};
		B32A7AF82731CF2A007BCF11 /* FirebaseDatabaseSwift-Beta */ = {
			isa = XCSwiftPackageProductDependency;
			package = B32A7AF32731CF2A007BCF11 /* XCRemoteSwiftPackageReference "firebase-ios-sdk" */;
			productName = "FirebaseDatabaseSwift-Beta";
		};
		B32A7AFA2731CF2A007BCF11 /* FirebaseFirestore */ = {
			isa = XCSwiftPackageProductDependency;
			package = B32A7AF32731CF2A007BCF11 /* XCRemoteSwiftPackageReference "firebase-ios-sdk" */;
			productName = FirebaseFirestore;
		};
		B32A7AFC2731CF2A007BCF11 /* FirebaseFirestoreSwift-Beta */ = {
			isa = XCSwiftPackageProductDependency;
			package = B32A7AF32731CF2A007BCF11 /* XCRemoteSwiftPackageReference "firebase-ios-sdk" */;
			productName = "FirebaseFirestoreSwift-Beta";
		};
		B32A7AFE2731CF2A007BCF11 /* FirebaseStorage */ = {
			isa = XCSwiftPackageProductDependency;
			package = B32A7AF32731CF2A007BCF11 /* XCRemoteSwiftPackageReference "firebase-ios-sdk" */;
			productName = FirebaseStorage;
		};
		B32A7B002731CF2A007BCF11 /* FirebaseStorageSwift-Beta */ = {
			isa = XCSwiftPackageProductDependency;
			package = B32A7AF32731CF2A007BCF11 /* XCRemoteSwiftPackageReference "firebase-ios-sdk" */;
			productName = "FirebaseStorageSwift-Beta";
		};
		B32A7B062731DCE8007BCF11 /* MessageKit */ = {
			isa = XCSwiftPackageProductDependency;
			package = B32A7B052731DCE8007BCF11 /* XCRemoteSwiftPackageReference "MessageKit" */;
			productName = MessageKit;
		};
		B32A7B092731DD2A007BCF11 /* InputBarAccessoryView */ = {
			isa = XCSwiftPackageProductDependency;
			package = B32A7B082731DD2A007BCF11 /* XCRemoteSwiftPackageReference "InputBarAccessoryView" */;
			productName = InputBarAccessoryView;
		};
		B32A7B0C2731DD5B007BCF11 /* JGProgressHUD */ = {
			isa = XCSwiftPackageProductDependency;
			package = B32A7B0B2731DD5B007BCF11 /* XCRemoteSwiftPackageReference "JGProgressHUD" */;
			productName = JGProgressHUD;
		};
		B32A7B0F2731DDF3007BCF11 /* Realm */ = {
			isa = XCSwiftPackageProductDependency;
			package = B32A7B0E2731DDF3007BCF11 /* XCRemoteSwiftPackageReference "realm-cocoa" */;
			productName = Realm;
		};
		B32A7B112731DDF3007BCF11 /* RealmSwift */ = {
			isa = XCSwiftPackageProductDependency;
			package = B32A7B0E2731DDF3007BCF11 /* XCRemoteSwiftPackageReference "realm-cocoa" */;
			productName = RealmSwift;
		};
/* End XCSwiftPackageProductDependency section */
	};
	rootObject = B3D1F239272C374900A2CC02 /* Project object */;
}
